{
  "name": "mc",
  "version": "1.0.0",
  "lockfileVersion": 1,
  "requires": true,
  "dependencies": {
    "minecraft-pinger": {
      "version": "1.0.5",
      "resolved": "https://registry.npmjs.org/minecraft-pinger/-/minecraft-pinger-1.0.5.tgz",
      "integrity": "sha512-l21TXp++abtPhfjNomiFfA2L0TelT/cYnLxP8OkgovW8dnGj6dU4cTI3cz10riLtDn9HzoDDVbz2umwU0bmbKA==",
      "requires": {
        "node-int64": "^0.4.0",
        "varint": "^4.0.1"
      }
    },
    "node-int64": {
      "version": "0.4.0",
      "resolved": "https://registry.npmjs.org/node-int64/-/node-int64-0.4.0.tgz",
      "integrity": "sha1-h6kGXNs1XTGC2PlM4RGIuCXGijs="
    },
    "varint": {
      "version": "4.0.1",
      "resolved": "https://registry.npmjs.org/varint/-/varint-4.0.1.tgz",
      "integrity": "sha1-SQgpuULSSEY7KzUJeZXDv3NxmOk="
    }
  }
}
